
Microsoft Visual Studio Solution File, Format Version 12.00
# Visual Studio Version 17
VisualStudioVersion = 17.13.35919.96 d17.13
MinimumVisualStudioVersion = 10.0.40219.1
Project("{FAE04EC0-301F-11D3-BF4B-00C04F79EFBC}") = "ReleaseManager.ProviderApi", "ReleaseManager.ProviderApi\ReleaseManager.ProviderApi.csproj", "{84AA9AE7-668B-44F9-9436-45A6933384A6}"
EndProject
Project("{FAE04EC0-301F-11D3-BF4B-00C04F79EFBC}") = "ReleaseManager.Core", "ReleaseManager.Core\ReleaseManager.Core.csproj", "{043F8A59-B83C-4B51-A9F6-3603C6BDD0B3}"
EndProject
Global
	GlobalSection(SolutionConfigurationPlatforms) = preSolution
		Debug|Any CPU = Debug|Any CPU
		Release|Any CPU = Release|Any CPU
	EndGlobalSection
	GlobalSection(ProjectConfigurationPlatforms) = postSolution
		{84AA9AE7-668B-44F9-9436-45A6933384A6}.Debug|Any CPU.ActiveCfg = Debug|Any CPU
		{84AA9AE7-668B-44F9-9436-45A6933384A6}.Debug|Any CPU.Build.0 = Debug|Any CPU
		{84AA9AE7-668B-44F9-9436-45A6933384A6}.Release|Any CPU.ActiveCfg = Release|Any CPU
		{84AA9AE7-668B-44F9-9436-45A6933384A6}.Release|Any CPU.Build.0 = Release|Any CPU
		{043F8A59-B83C-4B51-A9F6-3603C6BDD0B3}.Debug|Any CPU.ActiveCfg = Debug|Any CPU
		{043F8A59-B83C-4B51-A9F6-3603C6BDD0B3}.Debug|Any CPU.Build.0 = Debug|Any CPU
		{043F8A59-B83C-4B51-A9F6-3603C6BDD0B3}.Release|Any CPU.ActiveCfg = Release|Any CPU
		{043F8A59-B83C-4B51-A9F6-3603C6BDD0B3}.Release|Any CPU.Build.0 = Release|Any CPU
	EndGlobalSection
	GlobalSection(SolutionProperties) = preSolution
		HideSolutionNode = FALSE
	EndGlobalSection
	GlobalSection(ExtensibilityGlobals) = postSolution
		SolutionGuid = {33DCA8FD-160A-47C1-B512-9D734C0F1A17}
	EndGlobalSection
EndGlobal
